
Microsoft Visual Studio Solution File, Format Version 12.00
# Visual Studio Version 17
VisualStudioVersion = 17.10.35013.160
MinimumVisualStudioVersion = 10.0.40219.1
Project("{FAE04EC0-301F-11D3-BF4B-00C04F79EFBC}") = "WebApplication10", "WebApplication10.csproj", "{FF8DA841-0E8A-4D6C-B129-63F3EC7A97E3}"
EndProject
Global
	GlobalSection(SolutionConfigurationPlatforms) = preSolution
		Debug|Any CPU = Debug|Any CPU
		Release|Any CPU = Release|Any CPU
	EndGlobalSection
	GlobalSection(ProjectConfigurationPlatforms) = postSolution
		{FF8DA841-0E8A-4D6C-B129-63F3EC7A97E3}.Debug|Any CPU.ActiveCfg = Debug|Any CPU
		{FF8DA841-0E8A-4D6C-B129-63F3EC7A97E3}.Debug|Any CPU.Build.0 = Debug|Any CPU
		{FF8DA841-0E8A-4D6C-B129-63F3EC7A97E3}.Release|Any CPU.ActiveCfg = Release|Any CPU
		{FF8DA841-0E8A-4D6C-B129-63F3EC7A97E3}.Release|Any CPU.Build.0 = Release|Any CPU
	EndGlobalSection
	GlobalSection(SolutionProperties) = preSolution
		HideSolutionNode = FALSE
	EndGlobalSection
	GlobalSection(ExtensibilityGlobals) = postSolution
		SolutionGuid = {CA679012-A4DC-466C-B5CF-44F67D5BF3F8}
	EndGlobalSection
EndGlobal
